
Microsoft Visual Studio Solution File, Format Version 12.00
# Visual Studio Version 17
VisualStudioVersion = 17.6.33815.320
MinimumVisualStudioVersion = 10.0.40219.1
Project("{9A19103F-16F7-4668-BE54-9A1E7A4F7556}") = "GhostfolioSidekick", "GhostfolioSidekick\GhostfolioSidekick.csproj", "{5FC7797A-35AD-4E1E-A5C6-611F8E79F201}"
EndProject
Project("{9A19103F-16F7-4668-BE54-9A1E7A4F7556}") = "GhostfolioSidekick.UnitTests", "GhostfolioSidekick.UnitTests\GhostfolioSidekick.UnitTests.csproj", "{7EC54DCF-567D-48B9-8512-6714929C95F1}"
EndProject
Project("{2150E333-8FDC-42A3-9474-1A3956D46DE8}") = "SolutionItems", "SolutionItems", "{56B3F201-0E55-45FB-90CA-24F16BE6CCED}"
	ProjectSection(SolutionItems) = preProject
		.editorconfig = .editorconfig
		.github\workflows\docker-publish.yml = .github\workflows\docker-publish.yml
		Dockerfile = Dockerfile
		README.md = README.md
		supervisord.conf = supervisord.conf
	EndProjectSection
EndProject
Project("{9A19103F-16F7-4668-BE54-9A1E7A4F7556}") = "Model", "Model\Model.csproj", "{6692B54A-EF60-4D64-83D9-3AD11AFC3150}"
EndProject
Project("{9A19103F-16F7-4668-BE54-9A1E7A4F7556}") = "GhostfolioAPI", "GhostfolioAPI\GhostfolioAPI.csproj", "{189A9D4D-BD1D-4A00-873C-7A784A8C0C54}"
EndProject
Project("{9A19103F-16F7-4668-BE54-9A1E7A4F7556}") = "Parsers", "Parsers\Parsers.csproj", "{2058275F-39F1-4CAE-BD39-56C5D6ACE086}"
EndProject
Project("{9A19103F-16F7-4668-BE54-9A1E7A4F7556}") = "Parsers.UnitTests", "Parsers.UnitTests\Parsers.UnitTests.csproj", "{74E7BD86-97AA-43F7-858A-992B611F31BC}"
EndProject
Project("{9A19103F-16F7-4668-BE54-9A1E7A4F7556}") = "Configuration", "Configuration\Configuration.csproj", "{92C757AA-09B7-4F19-8D18-71FBAACCC750}"
EndProject
Project("{9A19103F-16F7-4668-BE54-9A1E7A4F7556}") = "Configuration.UnitTests", "Configuration.UnitTests\Configuration.UnitTests.csproj", "{45C97490-B1A4-4FAE-9450-11FAB7256629}"
EndProject
Project("{9A19103F-16F7-4668-BE54-9A1E7A4F7556}") = "GhostfolioAPI.UnitTests", "GhostfolioAPI.UnitTests\GhostfolioAPI.UnitTests.csproj", "{9F3A67B4-09DF-41DF-B41E-18898E95B92E}"
EndProject
Project("{9A19103F-16F7-4668-BE54-9A1E7A4F7556}") = "Cryptocurrency", "Cryptocurrency\Cryptocurrency.csproj", "{549BE74C-B9DF-4C37-90AA-1058AC5605B3}"
EndProject
Project("{9A19103F-16F7-4668-BE54-9A1E7A4F7556}") = "Cryptocurrency.UnitTests", "Cryptocurrency.UnitTests\Cryptocurrency.UnitTests.csproj", "{F460E465-CB28-4496-9E71-C89EFD78E621}"
EndProject
Project("{9A19103F-16F7-4668-BE54-9A1E7A4F7556}") = "Model.UnitTests", "Model.UnitTests\Model.UnitTests.csproj", "{BCE82B19-69DD-48B1-BF7D-99C8F5FB6241}"
EndProject
Project("{9A19103F-16F7-4668-BE54-9A1E7A4F7556}") = "AnonymisePDF", "Tools\AnonymisePDF\AnonymisePDF.csproj", "{F94F49BD-2A43-4ECC-8ED8-178D71AB7EED}"
EndProject
Project("{2150E333-8FDC-42A3-9474-1A3956D46DE8}") = "Tools", "Tools", "{CB44F65D-99C0-4C38-B22C-78CA601159FA}"
EndProject
Project("{9A19103F-16F7-4668-BE54-9A1E7A4F7556}") = "Database", "Database\Database.csproj", "{1D95694C-FAAB-4BC9-9C3A-051ED22A1EB0}"
EndProject
Project("{9A19103F-16F7-4668-BE54-9A1E7A4F7556}") = "ExternalDataProvider", "ExternalDataProvider\ExternalDataProvider.csproj", "{3270FF5C-5C37-41DD-9919-A30F1864B278}"
EndProject
Project("{9A19103F-16F7-4668-BE54-9A1E7A4F7556}") = "ExternalDataProvider.UnitTests", "ExternalDataProvider.UnitTests\ExternalDataProvider.UnitTests.csproj", "{E623E16E-756A-4045-B8AF-5F7C4B7F8F7C}"
EndProject
Project("{FAE04EC0-301F-11D3-BF4B-00C04F79EFBC}") = "Database.UnitTests", "Database.UnitTests\Database.UnitTests.csproj", "{007DF41A-397A-4E0A-94FD-8C79EE3D2F49}"
EndProject
Project("{FAE04EC0-301F-11D3-BF4B-00C04F79EFBC}") = "ScraperUtilities", "Tools\ScraperUtilities\ScraperUtilities.csproj", "{29331A9E-A888-423F-9589-4A53307A83BA}"
EndProject
Project("{FAE04EC0-301F-11D3-BF4B-00C04F79EFBC}") = "AnonymisePDF.UnitTests", "Tools\AnonymisePDF.UnitTests\AnonymisePDF.UnitTests.csproj", "{AA1A1224-3E01-F044-894C-56A5D5440BA3}"
EndProject
Project("{FAE04EC0-301F-11D3-BF4B-00C04F79EFBC}") = "IntegrationTests", "IntegrationTests\IntegrationTests.csproj", "{858F4528-DD2E-483D-9DBA-5FA5B243BC79}"
EndProject
Project("{2150E333-8FDC-42A3-9474-1A3956D46DE8}") = "Website", "Website", "{02EA681E-C7D8-13C7-8484-4AC65E1B71E8}"
EndProject
Project("{FAE04EC0-301F-11D3-BF4B-00C04F79EFBC}") = "PortfolioViewer.AppHost", "PortfolioViewer\PortfolioViewer.AppHost\PortfolioViewer.AppHost.csproj", "{F2793603-E314-419E-9277-657383244A14}"
EndProject
Project("{FAE04EC0-301F-11D3-BF4B-00C04F79EFBC}") = "PortfolioViewer.ServiceDefaults", "PortfolioViewer\PortfolioViewer.ServiceDefaults\PortfolioViewer.ServiceDefaults.csproj", "{AFC92BBC-ECC8-D476-F5A1-45755B8DB3C9}"
EndProject
Project("{FAE04EC0-301F-11D3-BF4B-00C04F79EFBC}") = "PortfolioViewer.ApiService", "PortfolioViewer\PortfolioViewer.ApiService\PortfolioViewer.ApiService.csproj", "{A9E5D288-F78A-A6CC-AA3A-BA1CAB5FE9C8}"
EndProject
Project("{FAE04EC0-301F-11D3-BF4B-00C04F79EFBC}") = "PortfolioViewer.Tests", "PortfolioViewer\PortfolioViewer.Tests\PortfolioViewer.Tests.csproj", "{16BD6FA9-B481-A626-A8F6-C863311B1E9E}"
EndProject
Project("{FAE04EC0-301F-11D3-BF4B-00C04F79EFBC}") = "PortfolioViewer.WASM", "PortfolioViewer\PortfolioViewer.WASM\PortfolioViewer.WASM.csproj", "{5D235E57-A2CF-FEA4-0D86-87923C4BD981}"
EndProject
Project("{FAE04EC0-301F-11D3-BF4B-00C04F79EFBC}") = "PortfolioViewer.WASM.UnitTests", "PortfolioViewer\PortfolioViewer.WASM.UnitTests\PortfolioViewer.WASM.UnitTests.csproj", "{A7EFCBE4-E434-423C-A2FD-77F320B17D6C}"
EndProject
Project("{FAE04EC0-301F-11D3-BF4B-00C04F79EFBC}") = "PortfolioViewer.Common", "PortfolioViewer\PortfolioViewer.Common\PortfolioViewer.Common.csproj", "{7273E27F-072D-4C3A-B86F-0D018BED8BDB}"
EndProject
Project("{FAE04EC0-301F-11D3-BF4B-00C04F79EFBC}") = "PortfolioViewer.IntegratieTests", "PortfolioViewer\PortfolioViewer.IntegratieTests\PortfolioViewer.IntegratieTests.csproj", "{742FFC89-88B0-4C8E-A327-DCB1B646E534}"
EndProject
Project("{FAE04EC0-301F-11D3-BF4B-00C04F79EFBC}") = "PortfolioViewer.WASM.AI", "PortfolioViewer\PortfolioViewer.WASM.AI\PortfolioViewer.WASM.AI.csproj", "{E9AC436F-ED11-4057-BD64-1423E9850D43}"
EndProject
Global
	GlobalSection(SolutionConfigurationPlatforms) = preSolution
		Debug|Any CPU = Debug|Any CPU
		Release|Any CPU = Release|Any CPU
	EndGlobalSection
	GlobalSection(ProjectConfigurationPlatforms) = postSolution
		{5FC7797A-35AD-4E1E-A5C6-611F8E79F201}.Debug|Any CPU.ActiveCfg = Debug|Any CPU
		{5FC7797A-35AD-4E1E-A5C6-611F8E79F201}.Debug|Any CPU.Build.0 = Debug|Any CPU
		{5FC7797A-35AD-4E1E-A5C6-611F8E79F201}.Release|Any CPU.ActiveCfg = Release|Any CPU
		{5FC7797A-35AD-4E1E-A5C6-611F8E79F201}.Release|Any CPU.Build.0 = Release|Any CPU
		{7EC54DCF-567D-48B9-8512-6714929C95F1}.Debug|Any CPU.ActiveCfg = Debug|Any CPU
		{7EC54DCF-567D-48B9-8512-6714929C95F1}.Debug|Any CPU.Build.0 = Debug|Any CPU
		{7EC54DCF-567D-48B9-8512-6714929C95F1}.Release|Any CPU.ActiveCfg = Release|Any CPU
		{7EC54DCF-567D-48B9-8512-6714929C95F1}.Release|Any CPU.Build.0 = Release|Any CPU
		{6692B54A-EF60-4D64-83D9-3AD11AFC3150}.Debug|Any CPU.ActiveCfg = Debug|Any CPU
		{6692B54A-EF60-4D64-83D9-3AD11AFC3150}.Debug|Any CPU.Build.0 = Debug|Any CPU
		{6692B54A-EF60-4D64-83D9-3AD11AFC3150}.Release|Any CPU.ActiveCfg = Release|Any CPU
		{6692B54A-EF60-4D64-83D9-3AD11AFC3150}.Release|Any CPU.Build.0 = Release|Any CPU
		{189A9D4D-BD1D-4A00-873C-7A784A8C0C54}.Debug|Any CPU.ActiveCfg = Debug|Any CPU
		{189A9D4D-BD1D-4A00-873C-7A784A8C0C54}.Debug|Any CPU.Build.0 = Debug|Any CPU
		{189A9D4D-BD1D-4A00-873C-7A784A8C0C54}.Release|Any CPU.ActiveCfg = Release|Any CPU
		{189A9D4D-BD1D-4A00-873C-7A784A8C0C54}.Release|Any CPU.Build.0 = Release|Any CPU
		{2058275F-39F1-4CAE-BD39-56C5D6ACE086}.Debug|Any CPU.ActiveCfg = Debug|Any CPU
		{2058275F-39F1-4CAE-BD39-56C5D6ACE086}.Debug|Any CPU.Build.0 = Debug|Any CPU
		{2058275F-39F1-4CAE-BD39-56C5D6ACE086}.Release|Any CPU.ActiveCfg = Release|Any CPU
		{2058275F-39F1-4CAE-BD39-56C5D6ACE086}.Release|Any CPU.Build.0 = Release|Any CPU
		{74E7BD86-97AA-43F7-858A-992B611F31BC}.Debug|Any CPU.ActiveCfg = Debug|Any CPU
		{74E7BD86-97AA-43F7-858A-992B611F31BC}.Debug|Any CPU.Build.0 = Debug|Any CPU
		{74E7BD86-97AA-43F7-858A-992B611F31BC}.Release|Any CPU.ActiveCfg = Release|Any CPU
		{74E7BD86-97AA-43F7-858A-992B611F31BC}.Release|Any CPU.Build.0 = Release|Any CPU
		{92C757AA-09B7-4F19-8D18-71FBAACCC750}.Debug|Any CPU.ActiveCfg = Debug|Any CPU
		{92C757AA-09B7-4F19-8D18-71FBAACCC750}.Debug|Any CPU.Build.0 = Debug|Any CPU
		{92C757AA-09B7-4F19-8D18-71FBAACCC750}.Release|Any CPU.ActiveCfg = Release|Any CPU
		{92C757AA-09B7-4F19-8D18-71FBAACCC750}.Release|Any CPU.Build.0 = Release|Any CPU
		{45C97490-B1A4-4FAE-9450-11FAB7256629}.Debug|Any CPU.ActiveCfg = Debug|Any CPU
		{45C97490-B1A4-4FAE-9450-11FAB7256629}.Debug|Any CPU.Build.0 = Debug|Any CPU
		{45C97490-B1A4-4FAE-9450-11FAB7256629}.Release|Any CPU.ActiveCfg = Release|Any CPU
		{45C97490-B1A4-4FAE-9450-11FAB7256629}.Release|Any CPU.Build.0 = Release|Any CPU
		{9F3A67B4-09DF-41DF-B41E-18898E95B92E}.Debug|Any CPU.ActiveCfg = Debug|Any CPU
		{9F3A67B4-09DF-41DF-B41E-18898E95B92E}.Debug|Any CPU.Build.0 = Debug|Any CPU
		{9F3A67B4-09DF-41DF-B41E-18898E95B92E}.Release|Any CPU.ActiveCfg = Release|Any CPU
		{9F3A67B4-09DF-41DF-B41E-18898E95B92E}.Release|Any CPU.Build.0 = Release|Any CPU
		{549BE74C-B9DF-4C37-90AA-1058AC5605B3}.Debug|Any CPU.ActiveCfg = Debug|Any CPU
		{549BE74C-B9DF-4C37-90AA-1058AC5605B3}.Debug|Any CPU.Build.0 = Debug|Any CPU
		{549BE74C-B9DF-4C37-90AA-1058AC5605B3}.Release|Any CPU.ActiveCfg = Release|Any CPU
		{549BE74C-B9DF-4C37-90AA-1058AC5605B3}.Release|Any CPU.Build.0 = Release|Any CPU
		{F460E465-CB28-4496-9E71-C89EFD78E621}.Debug|Any CPU.ActiveCfg = Debug|Any CPU
		{F460E465-CB28-4496-9E71-C89EFD78E621}.Debug|Any CPU.Build.0 = Debug|Any CPU
		{F460E465-CB28-4496-9E71-C89EFD78E621}.Release|Any CPU.ActiveCfg = Release|Any CPU
		{F460E465-CB28-4496-9E71-C89EFD78E621}.Release|Any CPU.Build.0 = Release|Any CPU
		{BCE82B19-69DD-48B1-BF7D-99C8F5FB6241}.Debug|Any CPU.ActiveCfg = Debug|Any CPU
		{BCE82B19-69DD-48B1-BF7D-99C8F5FB6241}.Debug|Any CPU.Build.0 = Debug|Any CPU
		{BCE82B19-69DD-48B1-BF7D-99C8F5FB6241}.Release|Any CPU.ActiveCfg = Release|Any CPU
		{BCE82B19-69DD-48B1-BF7D-99C8F5FB6241}.Release|Any CPU.Build.0 = Release|Any CPU
		{F94F49BD-2A43-4ECC-8ED8-178D71AB7EED}.Debug|Any CPU.ActiveCfg = Debug|Any CPU
		{F94F49BD-2A43-4ECC-8ED8-178D71AB7EED}.Debug|Any CPU.Build.0 = Debug|Any CPU
		{F94F49BD-2A43-4ECC-8ED8-178D71AB7EED}.Release|Any CPU.ActiveCfg = Release|Any CPU
		{F94F49BD-2A43-4ECC-8ED8-178D71AB7EED}.Release|Any CPU.Build.0 = Release|Any CPU
		{1D95694C-FAAB-4BC9-9C3A-051ED22A1EB0}.Debug|Any CPU.ActiveCfg = Debug|Any CPU
		{1D95694C-FAAB-4BC9-9C3A-051ED22A1EB0}.Debug|Any CPU.Build.0 = Debug|Any CPU
		{1D95694C-FAAB-4BC9-9C3A-051ED22A1EB0}.Release|Any CPU.ActiveCfg = Release|Any CPU
		{1D95694C-FAAB-4BC9-9C3A-051ED22A1EB0}.Release|Any CPU.Build.0 = Release|Any CPU
		{3270FF5C-5C37-41DD-9919-A30F1864B278}.Debug|Any CPU.ActiveCfg = Debug|Any CPU
		{3270FF5C-5C37-41DD-9919-A30F1864B278}.Debug|Any CPU.Build.0 = Debug|Any CPU
		{3270FF5C-5C37-41DD-9919-A30F1864B278}.Release|Any CPU.ActiveCfg = Release|Any CPU
		{3270FF5C-5C37-41DD-9919-A30F1864B278}.Release|Any CPU.Build.0 = Release|Any CPU
		{E623E16E-756A-4045-B8AF-5F7C4B7F8F7C}.Debug|Any CPU.ActiveCfg = Debug|Any CPU
		{E623E16E-756A-4045-B8AF-5F7C4B7F8F7C}.Debug|Any CPU.Build.0 = Debug|Any CPU
		{E623E16E-756A-4045-B8AF-5F7C4B7F8F7C}.Release|Any CPU.ActiveCfg = Release|Any CPU
		{E623E16E-756A-4045-B8AF-5F7C4B7F8F7C}.Release|Any CPU.Build.0 = Release|Any CPU
		{007DF41A-397A-4E0A-94FD-8C79EE3D2F49}.Debug|Any CPU.ActiveCfg = Debug|Any CPU
		{007DF41A-397A-4E0A-94FD-8C79EE3D2F49}.Debug|Any CPU.Build.0 = Debug|Any CPU
		{007DF41A-397A-4E0A-94FD-8C79EE3D2F49}.Release|Any CPU.ActiveCfg = Release|Any CPU
		{007DF41A-397A-4E0A-94FD-8C79EE3D2F49}.Release|Any CPU.Build.0 = Release|Any CPU
		{29331A9E-A888-423F-9589-4A53307A83BA}.Debug|Any CPU.ActiveCfg = Debug|Any CPU
		{29331A9E-A888-423F-9589-4A53307A83BA}.Debug|Any CPU.Build.0 = Debug|Any CPU
		{29331A9E-A888-423F-9589-4A53307A83BA}.Release|Any CPU.ActiveCfg = Release|Any CPU
		{29331A9E-A888-423F-9589-4A53307A83BA}.Release|Any CPU.Build.0 = Release|Any CPU
		{AA1A1224-3E01-F044-894C-56A5D5440BA3}.Debug|Any CPU.ActiveCfg = Debug|Any CPU
		{AA1A1224-3E01-F044-894C-56A5D5440BA3}.Debug|Any CPU.Build.0 = Debug|Any CPU
		{AA1A1224-3E01-F044-894C-56A5D5440BA3}.Release|Any CPU.ActiveCfg = Release|Any CPU
		{AA1A1224-3E01-F044-894C-56A5D5440BA3}.Release|Any CPU.Build.0 = Release|Any CPU
		{858F4528-DD2E-483D-9DBA-5FA5B243BC79}.Debug|Any CPU.ActiveCfg = Debug|Any CPU
		{858F4528-DD2E-483D-9DBA-5FA5B243BC79}.Debug|Any CPU.Build.0 = Debug|Any CPU
		{858F4528-DD2E-483D-9DBA-5FA5B243BC79}.Release|Any CPU.ActiveCfg = Release|Any CPU
		{858F4528-DD2E-483D-9DBA-5FA5B243BC79}.Release|Any CPU.Build.0 = Release|Any CPU
		{F2793603-E314-419E-9277-657383244A14}.Debug|Any CPU.ActiveCfg = Debug|Any CPU
		{F2793603-E314-419E-9277-657383244A14}.Debug|Any CPU.Build.0 = Debug|Any CPU
		{F2793603-E314-419E-9277-657383244A14}.Release|Any CPU.ActiveCfg = Release|Any CPU
		{F2793603-E314-419E-9277-657383244A14}.Release|Any CPU.Build.0 = Release|Any CPU
		{AFC92BBC-ECC8-D476-F5A1-45755B8DB3C9}.Debug|Any CPU.ActiveCfg = Debug|Any CPU
		{AFC92BBC-ECC8-D476-F5A1-45755B8DB3C9}.Debug|Any CPU.Build.0 = Debug|Any CPU
		{AFC92BBC-ECC8-D476-F5A1-45755B8DB3C9}.Release|Any CPU.ActiveCfg = Release|Any CPU
		{AFC92BBC-ECC8-D476-F5A1-45755B8DB3C9}.Release|Any CPU.Build.0 = Release|Any CPU
		{A9E5D288-F78A-A6CC-AA3A-BA1CAB5FE9C8}.Debug|Any CPU.ActiveCfg = Debug|Any CPU
		{A9E5D288-F78A-A6CC-AA3A-BA1CAB5FE9C8}.Debug|Any CPU.Build.0 = Debug|Any CPU
		{A9E5D288-F78A-A6CC-AA3A-BA1CAB5FE9C8}.Release|Any CPU.ActiveCfg = Release|Any CPU
		{A9E5D288-F78A-A6CC-AA3A-BA1CAB5FE9C8}.Release|Any CPU.Build.0 = Release|Any CPU
		{16BD6FA9-B481-A626-A8F6-C863311B1E9E}.Debug|Any CPU.ActiveCfg = Debug|Any CPU
		{16BD6FA9-B481-A626-A8F6-C863311B1E9E}.Debug|Any CPU.Build.0 = Debug|Any CPU
		{16BD6FA9-B481-A626-A8F6-C863311B1E9E}.Release|Any CPU.ActiveCfg = Release|Any CPU
		{16BD6FA9-B481-A626-A8F6-C863311B1E9E}.Release|Any CPU.Build.0 = Release|Any CPU
		{5D235E57-A2CF-FEA4-0D86-87923C4BD981}.Debug|Any CPU.ActiveCfg = Debug|Any CPU
		{5D235E57-A2CF-FEA4-0D86-87923C4BD981}.Debug|Any CPU.Build.0 = Debug|Any CPU
		{5D235E57-A2CF-FEA4-0D86-87923C4BD981}.Release|Any CPU.ActiveCfg = Release|Any CPU
		{5D235E57-A2CF-FEA4-0D86-87923C4BD981}.Release|Any CPU.Build.0 = Release|Any CPU
		{A7EFCBE4-E434-423C-A2FD-77F320B17D6C}.Debug|Any CPU.ActiveCfg = Debug|Any CPU
		{A7EFCBE4-E434-423C-A2FD-77F320B17D6C}.Debug|Any CPU.Build.0 = Debug|Any CPU
		{A7EFCBE4-E434-423C-A2FD-77F320B17D6C}.Release|Any CPU.ActiveCfg = Release|Any CPU
		{A7EFCBE4-E434-423C-A2FD-77F320B17D6C}.Release|Any CPU.Build.0 = Release|Any CPU
		{7273E27F-072D-4C3A-B86F-0D018BED8BDB}.Debug|Any CPU.ActiveCfg = Debug|Any CPU
		{7273E27F-072D-4C3A-B86F-0D018BED8BDB}.Debug|Any CPU.Build.0 = Debug|Any CPU
		{7273E27F-072D-4C3A-B86F-0D018BED8BDB}.Release|Any CPU.ActiveCfg = Release|Any CPU
		{7273E27F-072D-4C3A-B86F-0D018BED8BDB}.Release|Any CPU.Build.0 = Release|Any CPU
		{742FFC89-88B0-4C8E-A327-DCB1B646E534}.Debug|Any CPU.ActiveCfg = Debug|Any CPU
		{742FFC89-88B0-4C8E-A327-DCB1B646E534}.Debug|Any CPU.Build.0 = Debug|Any CPU
		{742FFC89-88B0-4C8E-A327-DCB1B646E534}.Release|Any CPU.ActiveCfg = Release|Any CPU
		{742FFC89-88B0-4C8E-A327-DCB1B646E534}.Release|Any CPU.Build.0 = Release|Any CPU
		{E9AC436F-ED11-4057-BD64-1423E9850D43}.Debug|Any CPU.ActiveCfg = Debug|Any CPU
		{E9AC436F-ED11-4057-BD64-1423E9850D43}.Debug|Any CPU.Build.0 = Debug|Any CPU
		{E9AC436F-ED11-4057-BD64-1423E9850D43}.Release|Any CPU.ActiveCfg = Release|Any CPU
		{E9AC436F-ED11-4057-BD64-1423E9850D43}.Release|Any CPU.Build.0 = Release|Any CPU
	EndGlobalSection
	GlobalSection(SolutionProperties) = preSolution
		HideSolutionNode = FALSE
	EndGlobalSection
	GlobalSection(NestedProjects) = preSolution
		{F94F49BD-2A43-4ECC-8ED8-178D71AB7EED} = {CB44F65D-99C0-4C38-B22C-78CA601159FA}
		{29331A9E-A888-423F-9589-4A53307A83BA} = {CB44F65D-99C0-4C38-B22C-78CA601159FA}
		{AA1A1224-3E01-F044-894C-56A5D5440BA3} = {CB44F65D-99C0-4C38-B22C-78CA601159FA}
		{F2793603-E314-419E-9277-657383244A14} = {02EA681E-C7D8-13C7-8484-4AC65E1B71E8}
		{AFC92BBC-ECC8-D476-F5A1-45755B8DB3C9} = {02EA681E-C7D8-13C7-8484-4AC65E1B71E8}
		{A9E5D288-F78A-A6CC-AA3A-BA1CAB5FE9C8} = {02EA681E-C7D8-13C7-8484-4AC65E1B71E8}
		{16BD6FA9-B481-A626-A8F6-C863311B1E9E} = {02EA681E-C7D8-13C7-8484-4AC65E1B71E8}
		{5D235E57-A2CF-FEA4-0D86-87923C4BD981} = {02EA681E-C7D8-13C7-8484-4AC65E1B71E8}
		{A7EFCBE4-E434-423C-A2FD-77F320B17D6C} = {02EA681E-C7D8-13C7-8484-4AC65E1B71E8}
		{7273E27F-072D-4C3A-B86F-0D018BED8BDB} = {02EA681E-C7D8-13C7-8484-4AC65E1B71E8}
		{742FFC89-88B0-4C8E-A327-DCB1B646E534} = {02EA681E-C7D8-13C7-8484-4AC65E1B71E8}
		{E9AC436F-ED11-4057-BD64-1423E9850D43} = {02EA681E-C7D8-13C7-8484-4AC65E1B71E8}
	EndGlobalSection
	GlobalSection(ExtensibilityGlobals) = postSolution
		SolutionGuid = {919DDC85-9EE1-4F61-9504-CACAB4B3315C}
	EndGlobalSection
EndGlobal
