
Microsoft Visual Studio Solution File, Format Version 12.00
# Visual Studio Version 17
VisualStudioVersion = 17.6.33815.320
MinimumVisualStudioVersion = 10.0.40219.1
Project("{9A19103F-16F7-4668-BE54-9A1E7A4F7556}") = "GhostfolioSidekick", "GhostfolioSidekick\GhostfolioSidekick.csproj", "{5FC7797A-35AD-4E1E-A5C6-611F8E79F201}"
EndProject
Project("{9A19103F-16F7-4668-BE54-9A1E7A4F7556}") = "ConsoleHelper", "ConsoleHelper\ConsoleHelper.csproj", "{EAE9D7C1-17CA-497C-AC21-E2F97E42CC54}"
EndProject
Project("{9A19103F-16F7-4668-BE54-9A1E7A4F7556}") = "GhostfolioSidekick.UnitTests", "GhostfolioSidekick.UnitTests\GhostfolioSidekick.UnitTests.csproj", "{7EC54DCF-567D-48B9-8512-6714929C95F1}"
EndProject
Project("{2150E333-8FDC-42A3-9474-1A3956D46DE8}") = "SolutionItems", "SolutionItems", "{56B3F201-0E55-45FB-90CA-24F16BE6CCED}"
	ProjectSection(SolutionItems) = preProject
		.editorconfig = .editorconfig
		README.md = README.md
	EndProjectSection
EndProject
Project("{9A19103F-16F7-4668-BE54-9A1E7A4F7556}") = "Model", "Model\Model.csproj", "{6692B54A-EF60-4D64-83D9-3AD11AFC3150}"
EndProject
Project("{9A19103F-16F7-4668-BE54-9A1E7A4F7556}") = "GhostfolioAPI", "GhostfolioAPI\GhostfolioAPI.csproj", "{189A9D4D-BD1D-4A00-873C-7A784A8C0C54}"
EndProject
Project("{9A19103F-16F7-4668-BE54-9A1E7A4F7556}") = "Parsers", "Parsers\Parsers.csproj", "{2058275F-39F1-4CAE-BD39-56C5D6ACE086}"
EndProject
Project("{9A19103F-16F7-4668-BE54-9A1E7A4F7556}") = "Parsers.UnitTests", "Parsers.UnitTests\Parsers.UnitTests.csproj", "{74E7BD86-97AA-43F7-858A-992B611F31BC}"
EndProject
Project("{9A19103F-16F7-4668-BE54-9A1E7A4F7556}") = "Configuration", "Configuration\Configuration.csproj", "{92C757AA-09B7-4F19-8D18-71FBAACCC750}"
EndProject
Project("{FAE04EC0-301F-11D3-BF4B-00C04F79EFBC}") = "Configuration.UnitTests", "Configuration.UnitTests\Configuration.UnitTests.csproj", "{45C97490-B1A4-4FAE-9450-11FAB7256629}"
EndProject
Project("{FAE04EC0-301F-11D3-BF4B-00C04F79EFBC}") = "GhostfolioAPI.UnitTests", "GhostfolioAPI.UnitTests\GhostfolioAPI.UnitTests.csproj", "{9F3A67B4-09DF-41DF-B41E-18898E95B92E}"
EndProject
Global
	GlobalSection(SolutionConfigurationPlatforms) = preSolution
		Debug|Any CPU = Debug|Any CPU
		Release|Any CPU = Release|Any CPU
	EndGlobalSection
	GlobalSection(ProjectConfigurationPlatforms) = postSolution
		{5FC7797A-35AD-4E1E-A5C6-611F8E79F201}.Debug|Any CPU.ActiveCfg = Debug|Any CPU
		{5FC7797A-35AD-4E1E-A5C6-611F8E79F201}.Debug|Any CPU.Build.0 = Debug|Any CPU
		{5FC7797A-35AD-4E1E-A5C6-611F8E79F201}.Release|Any CPU.ActiveCfg = Release|Any CPU
		{5FC7797A-35AD-4E1E-A5C6-611F8E79F201}.Release|Any CPU.Build.0 = Release|Any CPU
		{EAE9D7C1-17CA-497C-AC21-E2F97E42CC54}.Debug|Any CPU.ActiveCfg = Debug|Any CPU
		{EAE9D7C1-17CA-497C-AC21-E2F97E42CC54}.Debug|Any CPU.Build.0 = Debug|Any CPU
		{EAE9D7C1-17CA-497C-AC21-E2F97E42CC54}.Release|Any CPU.ActiveCfg = Release|Any CPU
		{EAE9D7C1-17CA-497C-AC21-E2F97E42CC54}.Release|Any CPU.Build.0 = Release|Any CPU
		{7EC54DCF-567D-48B9-8512-6714929C95F1}.Debug|Any CPU.ActiveCfg = Debug|Any CPU
		{7EC54DCF-567D-48B9-8512-6714929C95F1}.Debug|Any CPU.Build.0 = Debug|Any CPU
		{7EC54DCF-567D-48B9-8512-6714929C95F1}.Release|Any CPU.ActiveCfg = Release|Any CPU
		{7EC54DCF-567D-48B9-8512-6714929C95F1}.Release|Any CPU.Build.0 = Release|Any CPU
		{6692B54A-EF60-4D64-83D9-3AD11AFC3150}.Debug|Any CPU.ActiveCfg = Debug|Any CPU
		{6692B54A-EF60-4D64-83D9-3AD11AFC3150}.Debug|Any CPU.Build.0 = Debug|Any CPU
		{6692B54A-EF60-4D64-83D9-3AD11AFC3150}.Release|Any CPU.ActiveCfg = Release|Any CPU
		{6692B54A-EF60-4D64-83D9-3AD11AFC3150}.Release|Any CPU.Build.0 = Release|Any CPU
		{189A9D4D-BD1D-4A00-873C-7A784A8C0C54}.Debug|Any CPU.ActiveCfg = Debug|Any CPU
		{189A9D4D-BD1D-4A00-873C-7A784A8C0C54}.Debug|Any CPU.Build.0 = Debug|Any CPU
		{189A9D4D-BD1D-4A00-873C-7A784A8C0C54}.Release|Any CPU.ActiveCfg = Release|Any CPU
		{189A9D4D-BD1D-4A00-873C-7A784A8C0C54}.Release|Any CPU.Build.0 = Release|Any CPU
		{2058275F-39F1-4CAE-BD39-56C5D6ACE086}.Debug|Any CPU.ActiveCfg = Debug|Any CPU
		{2058275F-39F1-4CAE-BD39-56C5D6ACE086}.Debug|Any CPU.Build.0 = Debug|Any CPU
		{2058275F-39F1-4CAE-BD39-56C5D6ACE086}.Release|Any CPU.ActiveCfg = Release|Any CPU
		{2058275F-39F1-4CAE-BD39-56C5D6ACE086}.Release|Any CPU.Build.0 = Release|Any CPU
		{74E7BD86-97AA-43F7-858A-992B611F31BC}.Debug|Any CPU.ActiveCfg = Debug|Any CPU
		{74E7BD86-97AA-43F7-858A-992B611F31BC}.Debug|Any CPU.Build.0 = Debug|Any CPU
		{74E7BD86-97AA-43F7-858A-992B611F31BC}.Release|Any CPU.ActiveCfg = Release|Any CPU
		{74E7BD86-97AA-43F7-858A-992B611F31BC}.Release|Any CPU.Build.0 = Release|Any CPU
		{92C757AA-09B7-4F19-8D18-71FBAACCC750}.Debug|Any CPU.ActiveCfg = Debug|Any CPU
		{92C757AA-09B7-4F19-8D18-71FBAACCC750}.Debug|Any CPU.Build.0 = Debug|Any CPU
		{92C757AA-09B7-4F19-8D18-71FBAACCC750}.Release|Any CPU.ActiveCfg = Release|Any CPU
		{92C757AA-09B7-4F19-8D18-71FBAACCC750}.Release|Any CPU.Build.0 = Release|Any CPU
		{45C97490-B1A4-4FAE-9450-11FAB7256629}.Debug|Any CPU.ActiveCfg = Debug|Any CPU
		{45C97490-B1A4-4FAE-9450-11FAB7256629}.Debug|Any CPU.Build.0 = Debug|Any CPU
		{45C97490-B1A4-4FAE-9450-11FAB7256629}.Release|Any CPU.ActiveCfg = Release|Any CPU
		{45C97490-B1A4-4FAE-9450-11FAB7256629}.Release|Any CPU.Build.0 = Release|Any CPU
		{9F3A67B4-09DF-41DF-B41E-18898E95B92E}.Debug|Any CPU.ActiveCfg = Debug|Any CPU
		{9F3A67B4-09DF-41DF-B41E-18898E95B92E}.Debug|Any CPU.Build.0 = Debug|Any CPU
		{9F3A67B4-09DF-41DF-B41E-18898E95B92E}.Release|Any CPU.ActiveCfg = Release|Any CPU
		{9F3A67B4-09DF-41DF-B41E-18898E95B92E}.Release|Any CPU.Build.0 = Release|Any CPU
	EndGlobalSection
	GlobalSection(SolutionProperties) = preSolution
		HideSolutionNode = FALSE
	EndGlobalSection
	GlobalSection(ExtensibilityGlobals) = postSolution
		SolutionGuid = {919DDC85-9EE1-4F61-9504-CACAB4B3315C}
	EndGlobalSection
EndGlobal
